{
  "name": "Playwright-Demo",
  "lockfileVersion": 3,
  "requires": true,
  "packages": {
    "": {
      "devDependencies": {
        "opencode-windows-x64": "^1.14.41",
        "opencode-windows-x64-baseline": "^1.14.41"
      }
    },
    "node_modules/opencode-windows-x64": {
      "version": "1.14.41",
      "resolved": "https://registry.npmjs.org/opencode-windows-x64/-/opencode-windows-x64-1.14.41.tgz",
      "integrity": "sha512-IE42OZmcp5w1vu9bp7Z3o8/xLcPkjRiA5QsNUxr3ultF4jfvZfCOBJU5tYqbOerNGmR8x0rNUKug6sUsfKj49Q==",
      "cpu": [
        "x64"
      ],
      "dev": true,
      "os": [
        "win32"
      ]
    },
    "node_modules/opencode-windows-x64-baseline": {
      "version": "1.14.41",
      "resolved": "https://registry.npmjs.org/opencode-windows-x64-baseline/-/opencode-windows-x64-baseline-1.14.41.tgz",
      "integrity": "sha512-KAmsCSoBBsTATcWpv0/pEICVKbhFW3uRo37BZueqo4MmS27vDXYs1zuexpdOemTEy8+tqriQdR2m7sPt/JyY9Q==",
      "cpu": [
        "x64"
      ],
      "dev": true,
      "os": [
        "win32"
      ]
    }
  }
}
